{
  "name": "SIS-API",
  "lockfileVersion": 2,
  "requires": true,
  "packages": {
    "": {
      "dependencies": {
        "@tinymce/tinymce-angular": "^7.0.0"
      }
    },
    "node_modules/@tinymce/tinymce-angular": {
      "version": "7.0.0",
      "resolved": "https://registry.npmjs.org/@tinymce/tinymce-angular/-/tinymce-angular-7.0.0.tgz",
      "integrity": "sha512-IKNaG/ihlxE1XCfq6lzULbnsqZO9KNJtlpu5jo6JDJDL9zcFzj/N2A16Kk7rTj1yfmDoB1IXAk/BpMOvgDY8cg==",
      "dependencies": {
        "tinymce": "^6.0.0 || ^5.5.0",
        "tslib": "^2.3.0"
      },
      "peerDependencies": {
        "@angular/common": ">=14.0.0",
        "@angular/core": ">=14.0.0",
        "@angular/forms": ">=14.0.0"
      }
    },
    "node_modules/tinymce": {
      "version": "6.4.1",
      "resolved": "https://registry.npmjs.org/tinymce/-/tinymce-6.4.1.tgz",
      "integrity": "sha512-+/cS2AM9l6p72IBs2uolHbGsBUztLs0WslqNgFaTXtmMksTNUOhh8p08xtA/fa03UGlWEC6/EJoeV95/QDXa2A=="
    },
    "node_modules/tslib": {
      "version": "2.5.0",
      "resolved": "https://registry.npmjs.org/tslib/-/tslib-2.5.0.tgz",
      "integrity": "sha512-336iVw3rtn2BUK7ORdIAHTyxHGRIHVReokCR3XjbckJMK7ms8FysBfhLR8IXnAgy7T0PTPNBWKiH514FOW/WSg=="
    }
  },
  "dependencies": {
    "@tinymce/tinymce-angular": {
      "version": "7.0.0",
      "resolved": "https://registry.npmjs.org/@tinymce/tinymce-angular/-/tinymce-angular-7.0.0.tgz",
      "integrity": "sha512-IKNaG/ihlxE1XCfq6lzULbnsqZO9KNJtlpu5jo6JDJDL9zcFzj/N2A16Kk7rTj1yfmDoB1IXAk/BpMOvgDY8cg==",
      "requires": {
        "tinymce": "^6.0.0 || ^5.5.0",
        "tslib": "^2.3.0"
      }
    },
    "tinymce": {
      "version": "6.4.1",
      "resolved": "https://registry.npmjs.org/tinymce/-/tinymce-6.4.1.tgz",
      "integrity": "sha512-+/cS2AM9l6p72IBs2uolHbGsBUztLs0WslqNgFaTXtmMksTNUOhh8p08xtA/fa03UGlWEC6/EJoeV95/QDXa2A=="
    },
    "tslib": {
      "version": "2.5.0",
      "resolved": "https://registry.npmjs.org/tslib/-/tslib-2.5.0.tgz",
      "integrity": "sha512-336iVw3rtn2BUK7ORdIAHTyxHGRIHVReokCR3XjbckJMK7ms8FysBfhLR8IXnAgy7T0PTPNBWKiH514FOW/WSg=="
    }
  }
}
